
Microsoft Visual Studio Solution File, Format Version 12.00
# Visual Studio 15
VisualStudioVersion = 15.0.28010.2050
MinimumVisualStudioVersion = 10.0.40219.1
Project("{FAE04EC0-301F-11D3-BF4B-00C04F79EFBC}") = "HW1-Ch1_3_4", "HW1-Ch1_3_4\HW1-Ch1_3_4.csproj", "{CCB50470-62EA-42A1-978F-198F1BC2E61E}"
EndProject
Project("{FAE04EC0-301F-11D3-BF4B-00C04F79EFBC}") = "HW1-Ch1_3_5", "HW1-CH1_3_5\HW1-Ch1_3_5.csproj", "{52CF3AC0-0949-41F2-9577-FCD10052B1AF}"
EndProject
Project("{FAE04EC0-301F-11D3-BF4B-00C04F79EFBC}") = "HW2-Ch2_3_6", "HW2-Ch2_3_6\HW2-Ch2_3_6.csproj", "{A5DA9A72-064F-4E88-BF53-3CE827C5963D}"
EndProject
Project("{FAE04EC0-301F-11D3-BF4B-00C04F79EFBC}") = "HW2-Ch2_3_7", "HW2-Ch2_3_7\HW2-Ch2_3_7.csproj", "{A387C1A2-2661-4E75-A2A2-920E3A09AE2C}"
EndProject
Project("{FAE04EC0-301F-11D3-BF4B-00C04F79EFBC}") = "HW2-Ch2_3_9", "HW2-Ch2_3_9\HW2-Ch2_3_9.csproj", "{E35AC60F-1003-4094-9C87-ADD4424D01C1}"
EndProject
Project("{FAE04EC0-301F-11D3-BF4B-00C04F79EFBC}") = "HW3-AbstractFactoryEg", "HW3-AbstractFactoryEg\HW3-AbstractFactoryEg.csproj", "{AEC1E285-A6BF-4507-9F61-1E332BEF8024}"
EndProject
Project("{FAE04EC0-301F-11D3-BF4B-00C04F79EFBC}") = "HW3-SingletonEg", "HW3-SingletonEg\HW3-SingletonEg.csproj", "{A894C0E5-98F4-4C00-A9DB-8BE31BED37BF}"
EndProject
Project("{9A19103F-16F7-4668-BE54-9A1E7A4F7556}") = "HW4-Alarm", "HW4-Alarm\HW4-Alarm.csproj", "{529C6F4E-19C5-4DE2-9D58-0A08CEC55C63}"
EndProject
Project("{9A19103F-16F7-4668-BE54-9A1E7A4F7556}") = "HW4-OrderSystem", "HW4-OrderSystem\HW4-OrderSystem.csproj", "{2ADB4ECA-6555-44EF-8A64-3ACAEA1DA8F3}"
EndProject
Project("{9A19103F-16F7-4668-BE54-9A1E7A4F7556}") = "HW5-OrderSystem2.0", "HW5-OrderSystem2.0\HW5-OrderSystem2.0.csproj", "{B00F8C1D-F936-4C55-80F1-1FD88B8F7F92}"
EndProject
Project("{9A19103F-16F7-4668-BE54-9A1E7A4F7556}") = "HW6-OrderSystem3.0", "HW6-OrderSystem3.0\HW6-OrderSystem3.0.csproj", "{1453B16E-6630-47B8-8CEB-49D41377BBF9}"
EndProject
Project("{FAE04EC0-301F-11D3-BF4B-00C04F79EFBC}") = "HW7-ordertestTests1", "HW7-ordertestTests1\HW7-ordertestTests1.csproj", "{FD16EBF2-7D61-4633-84DF-6BB6CD127F2D}"
EndProject
Project("{FAE04EC0-301F-11D3-BF4B-00C04F79EFBC}") = "HW7-ordertest", "HW7-ordertest\HW7-ordertest.csproj", "{ACDF6988-894E-46B2-AD83-2028D84ABF9D}"
EndProject
Project("{FAE04EC0-301F-11D3-BF4B-00C04F79EFBC}") = "HW7-DrawTree", "HW7-DrawTree\HW7-DrawTree.csproj", "{4AC4542D-04E3-4466-96D9-5C248EFED03C}"
EndProject
Project("{FAE04EC0-301F-11D3-BF4B-00C04F79EFBC}") = "HW8-OrderSystemUI", "HW8-OrderSystemUI\HW8-OrderSystemUI.csproj", "{4609A456-8C5F-4226-B612-28D18565693A}"
EndProject
Project("{2150E333-8FDC-42A3-9474-1A3956D46DE8}") = "HW9-OrderSystemDB", "HW9-OrderSystemDB", "{0687F1DA-5857-4EF0-9AEA-77E783287DF4}"
EndProject
Project("{FAE04EC0-301F-11D3-BF4B-00C04F79EFBC}") = "ordertest", "HW9-OrderSystemDB\ordertest\ordertest.csproj", "{25D5F10F-89E4-40C2-8838-87DACEA67139}"
EndProject
Project("{FAE04EC0-301F-11D3-BF4B-00C04F79EFBC}") = "OrderServiceUI", "HW9-OrderSystemDB\OrderServiceUI\OrderServiceUI.csproj", "{72E138AC-1FDE-4F21-B93A-EFF16FE0C9EB}"
EndProject
Project("{FAE04EC0-301F-11D3-BF4B-00C04F79EFBC}") = "HW10-OrderSystemWebAPI", "HW10-OrderSystemWebAPI\HW10-OrderSystemWebAPI.csproj", "{7E554A67-1284-4AE9-A120-95AC7823A8DF}"
EndProject
Global
	GlobalSection(SolutionConfigurationPlatforms) = preSolution
		Debug|Any CPU = Debug|Any CPU
		Release|Any CPU = Release|Any CPU
	EndGlobalSection
	GlobalSection(ProjectConfigurationPlatforms) = postSolution
		{CCB50470-62EA-42A1-978F-198F1BC2E61E}.Debug|Any CPU.ActiveCfg = Debug|Any CPU
		{CCB50470-62EA-42A1-978F-198F1BC2E61E}.Debug|Any CPU.Build.0 = Debug|Any CPU
		{CCB50470-62EA-42A1-978F-198F1BC2E61E}.Release|Any CPU.ActiveCfg = Release|Any CPU
		{CCB50470-62EA-42A1-978F-198F1BC2E61E}.Release|Any CPU.Build.0 = Release|Any CPU
		{52CF3AC0-0949-41F2-9577-FCD10052B1AF}.Debug|Any CPU.ActiveCfg = Debug|Any CPU
		{52CF3AC0-0949-41F2-9577-FCD10052B1AF}.Debug|Any CPU.Build.0 = Debug|Any CPU
		{52CF3AC0-0949-41F2-9577-FCD10052B1AF}.Release|Any CPU.ActiveCfg = Release|Any CPU
		{52CF3AC0-0949-41F2-9577-FCD10052B1AF}.Release|Any CPU.Build.0 = Release|Any CPU
		{A5DA9A72-064F-4E88-BF53-3CE827C5963D}.Debug|Any CPU.ActiveCfg = Debug|Any CPU
		{A5DA9A72-064F-4E88-BF53-3CE827C5963D}.Debug|Any CPU.Build.0 = Debug|Any CPU
		{A5DA9A72-064F-4E88-BF53-3CE827C5963D}.Release|Any CPU.ActiveCfg = Release|Any CPU
		{A5DA9A72-064F-4E88-BF53-3CE827C5963D}.Release|Any CPU.Build.0 = Release|Any CPU
		{A387C1A2-2661-4E75-A2A2-920E3A09AE2C}.Debug|Any CPU.ActiveCfg = Debug|Any CPU
		{A387C1A2-2661-4E75-A2A2-920E3A09AE2C}.Debug|Any CPU.Build.0 = Debug|Any CPU
		{A387C1A2-2661-4E75-A2A2-920E3A09AE2C}.Release|Any CPU.ActiveCfg = Release|Any CPU
		{A387C1A2-2661-4E75-A2A2-920E3A09AE2C}.Release|Any CPU.Build.0 = Release|Any CPU
		{E35AC60F-1003-4094-9C87-ADD4424D01C1}.Debug|Any CPU.ActiveCfg = Debug|Any CPU
		{E35AC60F-1003-4094-9C87-ADD4424D01C1}.Debug|Any CPU.Build.0 = Debug|Any CPU
		{E35AC60F-1003-4094-9C87-ADD4424D01C1}.Release|Any CPU.ActiveCfg = Release|Any CPU
		{E35AC60F-1003-4094-9C87-ADD4424D01C1}.Release|Any CPU.Build.0 = Release|Any CPU
		{AEC1E285-A6BF-4507-9F61-1E332BEF8024}.Debug|Any CPU.ActiveCfg = Debug|Any CPU
		{AEC1E285-A6BF-4507-9F61-1E332BEF8024}.Debug|Any CPU.Build.0 = Debug|Any CPU
		{AEC1E285-A6BF-4507-9F61-1E332BEF8024}.Release|Any CPU.ActiveCfg = Release|Any CPU
		{AEC1E285-A6BF-4507-9F61-1E332BEF8024}.Release|Any CPU.Build.0 = Release|Any CPU
		{A894C0E5-98F4-4C00-A9DB-8BE31BED37BF}.Debug|Any CPU.ActiveCfg = Debug|Any CPU
		{A894C0E5-98F4-4C00-A9DB-8BE31BED37BF}.Debug|Any CPU.Build.0 = Debug|Any CPU
		{A894C0E5-98F4-4C00-A9DB-8BE31BED37BF}.Release|Any CPU.ActiveCfg = Release|Any CPU
		{A894C0E5-98F4-4C00-A9DB-8BE31BED37BF}.Release|Any CPU.Build.0 = Release|Any CPU
		{529C6F4E-19C5-4DE2-9D58-0A08CEC55C63}.Debug|Any CPU.ActiveCfg = Debug|Any CPU
		{529C6F4E-19C5-4DE2-9D58-0A08CEC55C63}.Debug|Any CPU.Build.0 = Debug|Any CPU
		{529C6F4E-19C5-4DE2-9D58-0A08CEC55C63}.Release|Any CPU.ActiveCfg = Release|Any CPU
		{529C6F4E-19C5-4DE2-9D58-0A08CEC55C63}.Release|Any CPU.Build.0 = Release|Any CPU
		{2ADB4ECA-6555-44EF-8A64-3ACAEA1DA8F3}.Debug|Any CPU.ActiveCfg = Debug|Any CPU
		{2ADB4ECA-6555-44EF-8A64-3ACAEA1DA8F3}.Debug|Any CPU.Build.0 = Debug|Any CPU
		{2ADB4ECA-6555-44EF-8A64-3ACAEA1DA8F3}.Release|Any CPU.ActiveCfg = Release|Any CPU
		{2ADB4ECA-6555-44EF-8A64-3ACAEA1DA8F3}.Release|Any CPU.Build.0 = Release|Any CPU
		{B00F8C1D-F936-4C55-80F1-1FD88B8F7F92}.Debug|Any CPU.ActiveCfg = Debug|Any CPU
		{B00F8C1D-F936-4C55-80F1-1FD88B8F7F92}.Debug|Any CPU.Build.0 = Debug|Any CPU
		{B00F8C1D-F936-4C55-80F1-1FD88B8F7F92}.Release|Any CPU.ActiveCfg = Release|Any CPU
		{B00F8C1D-F936-4C55-80F1-1FD88B8F7F92}.Release|Any CPU.Build.0 = Release|Any CPU
		{1453B16E-6630-47B8-8CEB-49D41377BBF9}.Debug|Any CPU.ActiveCfg = Debug|Any CPU
		{1453B16E-6630-47B8-8CEB-49D41377BBF9}.Debug|Any CPU.Build.0 = Debug|Any CPU
		{1453B16E-6630-47B8-8CEB-49D41377BBF9}.Release|Any CPU.ActiveCfg = Release|Any CPU
		{1453B16E-6630-47B8-8CEB-49D41377BBF9}.Release|Any CPU.Build.0 = Release|Any CPU
		{FD16EBF2-7D61-4633-84DF-6BB6CD127F2D}.Debug|Any CPU.ActiveCfg = Debug|Any CPU
		{FD16EBF2-7D61-4633-84DF-6BB6CD127F2D}.Debug|Any CPU.Build.0 = Debug|Any CPU
		{FD16EBF2-7D61-4633-84DF-6BB6CD127F2D}.Release|Any CPU.ActiveCfg = Release|Any CPU
		{FD16EBF2-7D61-4633-84DF-6BB6CD127F2D}.Release|Any CPU.Build.0 = Release|Any CPU
		{ACDF6988-894E-46B2-AD83-2028D84ABF9D}.Debug|Any CPU.ActiveCfg = Debug|Any CPU
		{ACDF6988-894E-46B2-AD83-2028D84ABF9D}.Debug|Any CPU.Build.0 = Debug|Any CPU
		{ACDF6988-894E-46B2-AD83-2028D84ABF9D}.Release|Any CPU.ActiveCfg = Release|Any CPU
		{ACDF6988-894E-46B2-AD83-2028D84ABF9D}.Release|Any CPU.Build.0 = Release|Any CPU
		{4AC4542D-04E3-4466-96D9-5C248EFED03C}.Debug|Any CPU.ActiveCfg = Debug|Any CPU
		{4AC4542D-04E3-4466-96D9-5C248EFED03C}.Debug|Any CPU.Build.0 = Debug|Any CPU
		{4AC4542D-04E3-4466-96D9-5C248EFED03C}.Release|Any CPU.ActiveCfg = Release|Any CPU
		{4AC4542D-04E3-4466-96D9-5C248EFED03C}.Release|Any CPU.Build.0 = Release|Any CPU
		{4609A456-8C5F-4226-B612-28D18565693A}.Debug|Any CPU.ActiveCfg = Debug|Any CPU
		{4609A456-8C5F-4226-B612-28D18565693A}.Debug|Any CPU.Build.0 = Debug|Any CPU
		{4609A456-8C5F-4226-B612-28D18565693A}.Release|Any CPU.ActiveCfg = Release|Any CPU
		{4609A456-8C5F-4226-B612-28D18565693A}.Release|Any CPU.Build.0 = Release|Any CPU
		{25D5F10F-89E4-40C2-8838-87DACEA67139}.Debug|Any CPU.ActiveCfg = Debug|Any CPU
		{25D5F10F-89E4-40C2-8838-87DACEA67139}.Debug|Any CPU.Build.0 = Debug|Any CPU
		{25D5F10F-89E4-40C2-8838-87DACEA67139}.Release|Any CPU.ActiveCfg = Release|Any CPU
		{25D5F10F-89E4-40C2-8838-87DACEA67139}.Release|Any CPU.Build.0 = Release|Any CPU
		{72E138AC-1FDE-4F21-B93A-EFF16FE0C9EB}.Debug|Any CPU.ActiveCfg = Debug|Any CPU
		{72E138AC-1FDE-4F21-B93A-EFF16FE0C9EB}.Debug|Any CPU.Build.0 = Debug|Any CPU
		{72E138AC-1FDE-4F21-B93A-EFF16FE0C9EB}.Release|Any CPU.ActiveCfg = Release|Any CPU
		{72E138AC-1FDE-4F21-B93A-EFF16FE0C9EB}.Release|Any CPU.Build.0 = Release|Any CPU
		{7E554A67-1284-4AE9-A120-95AC7823A8DF}.Debug|Any CPU.ActiveCfg = Debug|Any CPU
		{7E554A67-1284-4AE9-A120-95AC7823A8DF}.Debug|Any CPU.Build.0 = Debug|Any CPU
		{7E554A67-1284-4AE9-A120-95AC7823A8DF}.Release|Any CPU.ActiveCfg = Release|Any CPU
		{7E554A67-1284-4AE9-A120-95AC7823A8DF}.Release|Any CPU.Build.0 = Release|Any CPU
	EndGlobalSection
	GlobalSection(SolutionProperties) = preSolution
		HideSolutionNode = FALSE
	EndGlobalSection
	GlobalSection(NestedProjects) = preSolution
		{25D5F10F-89E4-40C2-8838-87DACEA67139} = {0687F1DA-5857-4EF0-9AEA-77E783287DF4}
		{72E138AC-1FDE-4F21-B93A-EFF16FE0C9EB} = {0687F1DA-5857-4EF0-9AEA-77E783287DF4}
	EndGlobalSection
	GlobalSection(ExtensibilityGlobals) = postSolution
		SolutionGuid = {9DC391A3-8A34-42B0-8444-BC8879F7A155}
	EndGlobalSection
EndGlobal
